
Microsoft Visual Studio Solution File, Format Version 12.00
# Visual Studio Version 17
VisualStudioVersion = 17.2.32602.215
MinimumVisualStudioVersion = 10.0.40219.1
Project("{9A19103F-16F7-4668-BE54-9A1E7A4F7556}") = "API", "API\API.csproj", "{45028512-C3B9-41CE-BA90-F4993BB4416B}"
EndProject
Project("{E24C65DC-7377-472B-9ABA-BC803B73C61A}") = "client", "client\", "{B3B959D3-F3DD-40A6-BC3D-C4B5A14BCC9A}"
	ProjectSection(WebsiteProperties) = preProject
		TargetFrameworkMoniker = ".NETFramework,Version%3Dv4.8"
		Debug.AspNetCompiler.VirtualPath = "/localhost_52412"
		Debug.AspNetCompiler.PhysicalPath = "client\"
		Debug.AspNetCompiler.TargetPath = "PrecompiledWeb\localhost_52412\"
		Debug.AspNetCompiler.Updateable = "true"
		Debug.AspNetCompiler.ForceOverwrite = "true"
		Debug.AspNetCompiler.FixedNames = "false"
		Debug.AspNetCompiler.Debug = "True"
		Release.AspNetCompiler.VirtualPath = "/localhost_52412"
		Release.AspNetCompiler.PhysicalPath = "client\"
		Release.AspNetCompiler.TargetPath = "PrecompiledWeb\localhost_52412\"
		Release.AspNetCompiler.Updateable = "true"
		Release.AspNetCompiler.ForceOverwrite = "true"
		Release.AspNetCompiler.FixedNames = "false"
		Release.AspNetCompiler.Debug = "False"
		VWDPort = "52412"
		SlnRelativePath = "client\"
	EndProjectSection
EndProject
Global
	GlobalSection(SolutionConfigurationPlatforms) = preSolution
		Debug|Any CPU = Debug|Any CPU
		Release|Any CPU = Release|Any CPU
	EndGlobalSection
	GlobalSection(ProjectConfigurationPlatforms) = postSolution
		{45028512-C3B9-41CE-BA90-F4993BB4416B}.Debug|Any CPU.ActiveCfg = Debug|Any CPU
		{45028512-C3B9-41CE-BA90-F4993BB4416B}.Debug|Any CPU.Build.0 = Debug|Any CPU
		{45028512-C3B9-41CE-BA90-F4993BB4416B}.Release|Any CPU.ActiveCfg = Release|Any CPU
		{45028512-C3B9-41CE-BA90-F4993BB4416B}.Release|Any CPU.Build.0 = Release|Any CPU
		{B3B959D3-F3DD-40A6-BC3D-C4B5A14BCC9A}.Debug|Any CPU.ActiveCfg = Debug|Any CPU
		{B3B959D3-F3DD-40A6-BC3D-C4B5A14BCC9A}.Debug|Any CPU.Build.0 = Debug|Any CPU
		{B3B959D3-F3DD-40A6-BC3D-C4B5A14BCC9A}.Release|Any CPU.ActiveCfg = Debug|Any CPU
		{B3B959D3-F3DD-40A6-BC3D-C4B5A14BCC9A}.Release|Any CPU.Build.0 = Debug|Any CPU
	EndGlobalSection
	GlobalSection(SolutionProperties) = preSolution
		HideSolutionNode = FALSE
	EndGlobalSection
	GlobalSection(ExtensibilityGlobals) = postSolution
		SolutionGuid = {C8ABBD0B-0FF3-40AE-9474-1254A9EC450B}
	EndGlobalSection
EndGlobal
